{
  "version": 4,
  "terraform_version": "1.5.3",
  "serial": 766,
  "lineage": "4f1de7f2-ae73-e1a8-1585-e4b1173c2f09",
  "outputs": {},
  "resources": [
    {
      "mode": "managed",
      "type": "proxmox_vm_qemu",
      "name": "k8s-master-0-dev",
      "provider": "provider[\"registry.terraform.io/telmate/proxmox\"].pve-dev",
      "instances": [
        {
          "schema_version": 0,
          "attributes": {
            "additional_wait": 5,
            "agent": 1,
            "args": "",
            "automatic_reboot": true,
            "balloon": 0,
            "bios": "seabios",
            "boot": "order=scsi0",
            "bootdisk": "",
            "bridge": null,
            "ci_wait": null,
            "cicustom": "",
            "cipassword": "ansible",
            "ciuser": "ansible",
            "clone": "ubuntu-22-04-template",
            "clone_wait": 10,
            "cloudinit_cdrom_storage": null,
            "cores": 4,
            "cpu": "host",
            "default_ipv4_address": "10.20.0.90",
            "define_connection_info": true,
            "desc": "",
            "disk": [
              {
                "aio": "",
                "backup": true,
                "cache": "none",
                "discard": "",
                "file": "vm-1800-disk-0",
                "format": "raw",
                "iops": 0,
                "iops_max": 0,
                "iops_max_length": 0,
                "iops_rd": 0,
                "iops_rd_max": 0,
                "iops_rd_max_length": 0,
                "iops_wr": 0,
                "iops_wr_max": 0,
                "iops_wr_max_length": 0,
                "iothread": 1,
                "mbps": 0,
                "mbps_rd": 0,
                "mbps_rd_max": 0,
                "mbps_wr": 0,
                "mbps_wr_max": 0,
                "media": "",
                "replicate": 0,
                "size": "10G",
                "slot": 0,
                "ssd": 1,
                "storage": "local-lvm",
                "storage_type": "lvmthin",
                "type": "scsi",
                "volume": "local-lvm:vm-1800-disk-0"
              },
              {
                "aio": "",
                "backup": true,
                "cache": "none",
                "discard": "",
                "file": "vm-1800-disk-1",
                "format": "raw",
                "iops": 0,
                "iops_max": 0,
                "iops_max_length": 0,
                "iops_rd": 0,
                "iops_rd_max": 0,
                "iops_rd_max_length": 0,
                "iops_wr": 0,
                "iops_wr_max": 0,
                "iops_wr_max_length": 0,
                "iothread": 1,
                "mbps": 0,
                "mbps_rd": 0,
                "mbps_rd_max": 0,
                "mbps_wr": 0,
                "mbps_wr_max": 0,
                "media": "",
                "replicate": 0,
                "size": "20G",
                "slot": 1,
                "ssd": 1,
                "storage": "local-lvm",
                "storage_type": "lvmthin",
                "type": "scsi",
                "volume": "local-lvm:vm-1800-disk-1"
              }
            ],
            "disk_gb": null,
            "force_create": false,
            "force_recreate_on_change_of": null,
            "full_clone": true,
            "guest_agent_ready_timeout": 100,
            "hagroup": "",
            "hastate": "",
            "hostpci": [],
            "hotplug": "network,disk,usb",
            "id": "pve-dev/qemu/1800",
            "ipconfig0": "gw=10.20.0.1,ip=10.20.0.90/24",
            "ipconfig1": "",
            "ipconfig10": "",
            "ipconfig11": "",
            "ipconfig12": "",
            "ipconfig13": "",
            "ipconfig14": "",
            "ipconfig15": "",
            "ipconfig2": "",
            "ipconfig3": "",
            "ipconfig4": "",
            "ipconfig5": "",
            "ipconfig6": "",
            "ipconfig7": "",
            "ipconfig8": "",
            "ipconfig9": "",
            "iso": null,
            "kvm": true,
            "mac": null,
            "machine": "",
            "memory": 4096,
            "name": "k8s-master-0-dev",
            "nameserver": "",
            "network": [
              {
                "bridge": "vmbr0",
                "firewall": false,
                "link_down": false,
                "macaddr": "16:5C:72:4B:5A:CF",
                "model": "virtio",
                "mtu": 0,
                "queues": 0,
                "rate": 0,
                "tag": -1
              }
            ],
            "nic": null,
            "numa": false,
            "onboot": true,
            "oncreate": true,
            "os_network_config": null,
            "os_type": null,
            "pool": "",
            "preprovision": true,
            "pxe": null,
            "qemu_os": "other",
            "reboot_required": false,
            "scsihw": "virtio-scsi-single",
            "searchdomain": "",
            "serial": [],
            "sockets": 1,
            "ssh_forward_ip": null,
            "ssh_host": "10.20.0.90",
            "ssh_port": "22",
            "ssh_private_key": null,
            "ssh_user": null,
            "sshkeys": "ssh-rsa AAAAB3NzaC1yc2EAAAADAQABAAABgQCl10+ukwS00zUDxzk2fBfqBeemZd93tgE+SLcVKniQc7N8oJEbAxlNx1nyqsHm/G5AmX4pp/NQwDgF4yRa+9ZmRLDf9Zk6kXehZ1CI2uaf4KbipNRkoBw952MtntbVSmfgNlgft0gIp78u8nTa7/dJzcjRZG1Vb6bJ+wqtJqfNycGDnhrMaV8lHwxD8Hed7SBaYhgTBqb7hjZBd5QCe/s2WvYWD0VddrzAsw1bwcZuTPXXX5+8BFVBJ/PY/+PdsT14Uks4SDQZmLF1i9NnIN3IqrCVWeryT7Wkojlf0cV5aSeo6/L63e2iY7MyoMsUORCHq20SQaw6Xe+oFK8wefN8pknKm6bWgqble80rewA//eOt2dqnDYzWHsw8xeI9Kp8QKSFxWQRSsWRAK9b9vM41yLAab/IsPoKdBEkxX1mQb1To9I/TOlKUvDRoIBzNecMEz7Fq7sIsCQlhEt9bxsrqs+P/ua73J6nqmtLuNgTaA42uHv4v0BTG4uBWhwy/5Bs= luis@pop-os\nssh-rsa AAAAB3NzaC1yc2EAAAADAQABAAABgQCvk0aNTYjlsMKbUyt734AtHUKWSCEsD8LgJbp2srIUMAp14hMPh7owRCmZsgqEWyB+b5fwEb3KdJykQSxYmLInB6qsd0e4GTmNHhXkg/KLQV1Nqyr084gefsPtdwPuoshgTiMH6HfGwsxQEb5LzSlBUeGT0KcrHM95QcXOYFFnclfnqJOyWrBWFC1m9rLN23rwpfwowAUCQTXXgqm/+SxJU15RF/b+Pxa7liV0stwmRn4gNeMeQVL6fm3c6SfwS3LjuiHUjoeq6Ugf26Wna5pLOW2gqGiyP82f6twdM+6GHUqjw7hgchbDRZEwV6ugYIsw8kkat1ncQxpPrkqGqY2z9cCeDURS73Qwt2fon6DrRtrP76AxtV3pl1+JuF0fIC9zTszKLLG8or+e2vdlWg6Q2pGuK0wIyu52DfWu7v5Kx/YogQZKGdVDfDt1ANHIJj6njz+jA1GREMXjKhfCI0hHy2r+cUfuIuTpFoMvDYQXCdd0RVBHCzaWpOOhH7ldnTM= luis@daikanyama\n",
            "startup": "",
            "storage": null,
            "storage_type": null,
            "tablet": false,
            "tags": "",
            "target_node": "pve-dev",
            "timeouts": null,
            "unused_disk": [],
            "usb": [],
            "vcpus": 0,
            "vga": [],
            "vlan": -1,
            "vmid": 1800
          },
          "sensitive_attributes": [],
          "private": "eyJlMmJmYjczMC1lY2FhLTExZTYtOGY4OC0zNDM2M2JjN2M0YzAiOnsiY3JlYXRlIjoxMjAwMDAwMDAwMDAwLCJkZWZhdWx0IjoxMjAwMDAwMDAwMDAwLCJkZWxldGUiOjEyMDAwMDAwMDAwMDAsInJlYWQiOjEyMDAwMDAwMDAwMDAsInVwZGF0ZSI6MTIwMDAwMDAwMDAwMH19"
        }
      ]
    },
    {
      "mode": "managed",
      "type": "proxmox_vm_qemu",
      "name": "k8s-master-1-dev",
      "provider": "provider[\"registry.terraform.io/telmate/proxmox\"].pve-dev",
      "instances": [
        {
          "schema_version": 0,
          "attributes": {
            "additional_wait": 5,
            "agent": 0,
            "args": "",
            "automatic_reboot": true,
            "balloon": 0,
            "bios": "seabios",
            "boot": "order=scsi0",
            "bootdisk": "",
            "bridge": null,
            "ci_wait": null,
            "cicustom": "",
            "cipassword": "ansible",
            "ciuser": "ansible",
            "clone": "ubuntu-22-04-template",
            "clone_wait": 10,
            "cloudinit_cdrom_storage": null,
            "cores": 4,
            "cpu": "host",
            "default_ipv4_address": null,
            "define_connection_info": true,
            "desc": "",
            "disk": [
              {
                "aio": "",
                "backup": true,
                "cache": "none",
                "discard": "",
                "file": "vm-1801-disk-0",
                "format": "raw",
                "iops": 0,
                "iops_max": 0,
                "iops_max_length": 0,
                "iops_rd": 0,
                "iops_rd_max": 0,
                "iops_rd_max_length": 0,
                "iops_wr": 0,
                "iops_wr_max": 0,
                "iops_wr_max_length": 0,
                "iothread": 1,
                "mbps": 0,
                "mbps_rd": 0,
                "mbps_rd_max": 0,
                "mbps_wr": 0,
                "mbps_wr_max": 0,
                "media": "",
                "replicate": 0,
                "size": "10G",
                "slot": 0,
                "ssd": 1,
                "storage": "local-lvm",
                "storage_type": "lvmthin",
                "type": "scsi",
                "volume": "local-lvm:vm-1801-disk-0"
              },
              {
                "aio": "",
                "backup": true,
                "cache": "none",
                "discard": "",
                "file": "vm-1801-disk-1",
                "format": "raw",
                "iops": 0,
                "iops_max": 0,
                "iops_max_length": 0,
                "iops_rd": 0,
                "iops_rd_max": 0,
                "iops_rd_max_length": 0,
                "iops_wr": 0,
                "iops_wr_max": 0,
                "iops_wr_max_length": 0,
                "iothread": 1,
                "mbps": 0,
                "mbps_rd": 0,
                "mbps_rd_max": 0,
                "mbps_wr": 0,
                "mbps_wr_max": 0,
                "media": "",
                "replicate": 0,
                "size": "20G",
                "slot": 1,
                "ssd": 1,
                "storage": "local-lvm",
                "storage_type": "lvmthin",
                "type": "scsi",
                "volume": "local-lvm:vm-1801-disk-1"
              }
            ],
            "disk_gb": null,
            "force_create": false,
            "force_recreate_on_change_of": null,
            "full_clone": true,
            "guest_agent_ready_timeout": 100,
            "hagroup": "",
            "hastate": "",
            "hostpci": [],
            "hotplug": "network,disk,usb",
            "id": "pve-dev/qemu/1801",
            "ipconfig0": "gw=10.20.0.1,ip=10.20.0.91/24",
            "ipconfig1": "",
            "ipconfig10": "",
            "ipconfig11": "",
            "ipconfig12": "",
            "ipconfig13": "",
            "ipconfig14": "",
            "ipconfig15": "",
            "ipconfig2": "",
            "ipconfig3": "",
            "ipconfig4": "",
            "ipconfig5": "",
            "ipconfig6": "",
            "ipconfig7": "",
            "ipconfig8": "",
            "ipconfig9": "",
            "iso": null,
            "kvm": true,
            "mac": null,
            "machine": "",
            "memory": 4096,
            "name": "k8s-master-1-dev",
            "nameserver": "",
            "network": [
              {
                "bridge": "vmbr0",
                "firewall": false,
                "link_down": false,
                "macaddr": "CE:3F:BC:93:2B:BC",
                "model": "virtio",
                "mtu": 0,
                "queues": 0,
                "rate": 0,
                "tag": -1
              }
            ],
            "nic": null,
            "numa": false,
            "onboot": true,
            "oncreate": true,
            "os_network_config": null,
            "os_type": null,
            "pool": "",
            "preprovision": true,
            "pxe": null,
            "qemu_os": "other",
            "reboot_required": false,
            "scsihw": "virtio-scsi-single",
            "searchdomain": "",
            "serial": [],
            "sockets": 1,
            "ssh_forward_ip": null,
            "ssh_host": null,
            "ssh_port": null,
            "ssh_private_key": null,
            "ssh_user": null,
            "sshkeys": "ssh-rsa AAAAB3NzaC1yc2EAAAADAQABAAABgQCl10+ukwS00zUDxzk2fBfqBeemZd93tgE+SLcVKniQc7N8oJEbAxlNx1nyqsHm/G5AmX4pp/NQwDgF4yRa+9ZmRLDf9Zk6kXehZ1CI2uaf4KbipNRkoBw952MtntbVSmfgNlgft0gIp78u8nTa7/dJzcjRZG1Vb6bJ+wqtJqfNycGDnhrMaV8lHwxD8Hed7SBaYhgTBqb7hjZBd5QCe/s2WvYWD0VddrzAsw1bwcZuTPXXX5+8BFVBJ/PY/+PdsT14Uks4SDQZmLF1i9NnIN3IqrCVWeryT7Wkojlf0cV5aSeo6/L63e2iY7MyoMsUORCHq20SQaw6Xe+oFK8wefN8pknKm6bWgqble80rewA//eOt2dqnDYzWHsw8xeI9Kp8QKSFxWQRSsWRAK9b9vM41yLAab/IsPoKdBEkxX1mQb1To9I/TOlKUvDRoIBzNecMEz7Fq7sIsCQlhEt9bxsrqs+P/ua73J6nqmtLuNgTaA42uHv4v0BTG4uBWhwy/5Bs= luis@pop-os\nssh-rsa AAAAB3NzaC1yc2EAAAADAQABAAABgQCvk0aNTYjlsMKbUyt734AtHUKWSCEsD8LgJbp2srIUMAp14hMPh7owRCmZsgqEWyB+b5fwEb3KdJykQSxYmLInB6qsd0e4GTmNHhXkg/KLQV1Nqyr084gefsPtdwPuoshgTiMH6HfGwsxQEb5LzSlBUeGT0KcrHM95QcXOYFFnclfnqJOyWrBWFC1m9rLN23rwpfwowAUCQTXXgqm/+SxJU15RF/b+Pxa7liV0stwmRn4gNeMeQVL6fm3c6SfwS3LjuiHUjoeq6Ugf26Wna5pLOW2gqGiyP82f6twdM+6GHUqjw7hgchbDRZEwV6ugYIsw8kkat1ncQxpPrkqGqY2z9cCeDURS73Qwt2fon6DrRtrP76AxtV3pl1+JuF0fIC9zTszKLLG8or+e2vdlWg6Q2pGuK0wIyu52DfWu7v5Kx/YogQZKGdVDfDt1ANHIJj6njz+jA1GREMXjKhfCI0hHy2r+cUfuIuTpFoMvDYQXCdd0RVBHCzaWpOOhH7ldnTM= luis@daikanyama\n",
            "startup": "",
            "storage": null,
            "storage_type": null,
            "tablet": false,
            "tags": "",
            "target_node": "pve-dev",
            "timeouts": null,
            "unused_disk": [],
            "usb": [],
            "vcpus": 0,
            "vga": [],
            "vlan": -1,
            "vmid": 1801
          },
          "sensitive_attributes": [],
          "private": "eyJlMmJmYjczMC1lY2FhLTExZTYtOGY4OC0zNDM2M2JjN2M0YzAiOnsiY3JlYXRlIjoxMjAwMDAwMDAwMDAwLCJkZWZhdWx0IjoxMjAwMDAwMDAwMDAwLCJkZWxldGUiOjEyMDAwMDAwMDAwMDAsInJlYWQiOjEyMDAwMDAwMDAwMDAsInVwZGF0ZSI6MTIwMDAwMDAwMDAwMH19"
        }
      ]
    },
    {
      "mode": "managed",
      "type": "proxmox_vm_qemu",
      "name": "k8s-master-2-dev",
      "provider": "provider[\"registry.terraform.io/telmate/proxmox\"].pve-dev",
      "instances": [
        {
          "schema_version": 0,
          "attributes": {
            "additional_wait": 5,
            "agent": 0,
            "args": "",
            "automatic_reboot": true,
            "balloon": 0,
            "bios": "seabios",
            "boot": "order=scsi0",
            "bootdisk": "",
            "bridge": null,
            "ci_wait": null,
            "cicustom": "",
            "cipassword": "ansible",
            "ciuser": "ansible",
            "clone": "ubuntu-22-04-template",
            "clone_wait": 10,
            "cloudinit_cdrom_storage": null,
            "cores": 4,
            "cpu": "host",
            "default_ipv4_address": null,
            "define_connection_info": true,
            "desc": "",
            "disk": [
              {
                "aio": "",
                "backup": true,
                "cache": "none",
                "discard": "",
                "file": "vm-1802-disk-0",
                "format": "raw",
                "iops": 0,
                "iops_max": 0,
                "iops_max_length": 0,
                "iops_rd": 0,
                "iops_rd_max": 0,
                "iops_rd_max_length": 0,
                "iops_wr": 0,
                "iops_wr_max": 0,
                "iops_wr_max_length": 0,
                "iothread": 1,
                "mbps": 0,
                "mbps_rd": 0,
                "mbps_rd_max": 0,
                "mbps_wr": 0,
                "mbps_wr_max": 0,
                "media": "",
                "replicate": 0,
                "size": "10G",
                "slot": 0,
                "ssd": 1,
                "storage": "local-lvm",
                "storage_type": "lvmthin",
                "type": "scsi",
                "volume": "local-lvm:vm-1802-disk-0"
              },
              {
                "aio": "",
                "backup": true,
                "cache": "none",
                "discard": "",
                "file": "vm-1802-disk-1",
                "format": "raw",
                "iops": 0,
                "iops_max": 0,
                "iops_max_length": 0,
                "iops_rd": 0,
                "iops_rd_max": 0,
                "iops_rd_max_length": 0,
                "iops_wr": 0,
                "iops_wr_max": 0,
                "iops_wr_max_length": 0,
                "iothread": 1,
                "mbps": 0,
                "mbps_rd": 0,
                "mbps_rd_max": 0,
                "mbps_wr": 0,
                "mbps_wr_max": 0,
                "media": "",
                "replicate": 0,
                "size": "20G",
                "slot": 1,
                "ssd": 1,
                "storage": "local-lvm",
                "storage_type": "lvmthin",
                "type": "scsi",
                "volume": "local-lvm:vm-1802-disk-1"
              }
            ],
            "disk_gb": null,
            "force_create": false,
            "force_recreate_on_change_of": null,
            "full_clone": true,
            "guest_agent_ready_timeout": 100,
            "hagroup": "",
            "hastate": "",
            "hostpci": [],
            "hotplug": "network,disk,usb",
            "id": "pve-dev/qemu/1802",
            "ipconfig0": "gw=10.20.0.1,ip=10.20.0.92/24",
            "ipconfig1": "",
            "ipconfig10": "",
            "ipconfig11": "",
            "ipconfig12": "",
            "ipconfig13": "",
            "ipconfig14": "",
            "ipconfig15": "",
            "ipconfig2": "",
            "ipconfig3": "",
            "ipconfig4": "",
            "ipconfig5": "",
            "ipconfig6": "",
            "ipconfig7": "",
            "ipconfig8": "",
            "ipconfig9": "",
            "iso": null,
            "kvm": true,
            "mac": null,
            "machine": "",
            "memory": 4096,
            "name": "k8s-master-2-dev",
            "nameserver": "",
            "network": [
              {
                "bridge": "vmbr0",
                "firewall": false,
                "link_down": false,
                "macaddr": "66:00:4F:6A:1C:C9",
                "model": "virtio",
                "mtu": 0,
                "queues": 0,
                "rate": 0,
                "tag": -1
              }
            ],
            "nic": null,
            "numa": false,
            "onboot": true,
            "oncreate": true,
            "os_network_config": null,
            "os_type": null,
            "pool": "",
            "preprovision": true,
            "pxe": null,
            "qemu_os": "other",
            "reboot_required": false,
            "scsihw": "virtio-scsi-single",
            "searchdomain": "",
            "serial": [],
            "sockets": 1,
            "ssh_forward_ip": null,
            "ssh_host": null,
            "ssh_port": null,
            "ssh_private_key": null,
            "ssh_user": null,
            "sshkeys": "ssh-rsa AAAAB3NzaC1yc2EAAAADAQABAAABgQCl10+ukwS00zUDxzk2fBfqBeemZd93tgE+SLcVKniQc7N8oJEbAxlNx1nyqsHm/G5AmX4pp/NQwDgF4yRa+9ZmRLDf9Zk6kXehZ1CI2uaf4KbipNRkoBw952MtntbVSmfgNlgft0gIp78u8nTa7/dJzcjRZG1Vb6bJ+wqtJqfNycGDnhrMaV8lHwxD8Hed7SBaYhgTBqb7hjZBd5QCe/s2WvYWD0VddrzAsw1bwcZuTPXXX5+8BFVBJ/PY/+PdsT14Uks4SDQZmLF1i9NnIN3IqrCVWeryT7Wkojlf0cV5aSeo6/L63e2iY7MyoMsUORCHq20SQaw6Xe+oFK8wefN8pknKm6bWgqble80rewA//eOt2dqnDYzWHsw8xeI9Kp8QKSFxWQRSsWRAK9b9vM41yLAab/IsPoKdBEkxX1mQb1To9I/TOlKUvDRoIBzNecMEz7Fq7sIsCQlhEt9bxsrqs+P/ua73J6nqmtLuNgTaA42uHv4v0BTG4uBWhwy/5Bs= luis@pop-os\nssh-rsa AAAAB3NzaC1yc2EAAAADAQABAAABgQCvk0aNTYjlsMKbUyt734AtHUKWSCEsD8LgJbp2srIUMAp14hMPh7owRCmZsgqEWyB+b5fwEb3KdJykQSxYmLInB6qsd0e4GTmNHhXkg/KLQV1Nqyr084gefsPtdwPuoshgTiMH6HfGwsxQEb5LzSlBUeGT0KcrHM95QcXOYFFnclfnqJOyWrBWFC1m9rLN23rwpfwowAUCQTXXgqm/+SxJU15RF/b+Pxa7liV0stwmRn4gNeMeQVL6fm3c6SfwS3LjuiHUjoeq6Ugf26Wna5pLOW2gqGiyP82f6twdM+6GHUqjw7hgchbDRZEwV6ugYIsw8kkat1ncQxpPrkqGqY2z9cCeDURS73Qwt2fon6DrRtrP76AxtV3pl1+JuF0fIC9zTszKLLG8or+e2vdlWg6Q2pGuK0wIyu52DfWu7v5Kx/YogQZKGdVDfDt1ANHIJj6njz+jA1GREMXjKhfCI0hHy2r+cUfuIuTpFoMvDYQXCdd0RVBHCzaWpOOhH7ldnTM= luis@daikanyama\n",
            "startup": "",
            "storage": null,
            "storage_type": null,
            "tablet": false,
            "tags": "",
            "target_node": "pve-dev",
            "timeouts": null,
            "unused_disk": [],
            "usb": [],
            "vcpus": 0,
            "vga": [],
            "vlan": -1,
            "vmid": 1802
          },
          "sensitive_attributes": [],
          "private": "eyJlMmJmYjczMC1lY2FhLTExZTYtOGY4OC0zNDM2M2JjN2M0YzAiOnsiY3JlYXRlIjoxMjAwMDAwMDAwMDAwLCJkZWZhdWx0IjoxMjAwMDAwMDAwMDAwLCJkZWxldGUiOjEyMDAwMDAwMDAwMDAsInJlYWQiOjEyMDAwMDAwMDAwMDAsInVwZGF0ZSI6MTIwMDAwMDAwMDAwMH19"
        }
      ]
    }
  ],
  "check_results": null
}
